
Microsoft Visual Studio Solution File, Format Version 12.00
# Visual Studio Version 17
VisualStudioVersion = 17.4.33213.308
MinimumVisualStudioVersion = 10.0.40219.1
Project("{FAE04EC0-301F-11D3-BF4B-00C04F79EFBC}") = "SpanExemple.Console", "SpanExemple.Console\SpanExemple.Console.csproj", "{DDE68EE7-2A5C-43B1-A33C-D2CDB6A5138B}"
EndProject
Global
	GlobalSection(SolutionConfigurationPlatforms) = preSolution
		Debug|Any CPU = Debug|Any CPU
		Release|Any CPU = Release|Any CPU
	EndGlobalSection
	GlobalSection(ProjectConfigurationPlatforms) = postSolution
		{DDE68EE7-2A5C-43B1-A33C-D2CDB6A5138B}.Debug|Any CPU.ActiveCfg = Debug|Any CPU
		{DDE68EE7-2A5C-43B1-A33C-D2CDB6A5138B}.Debug|Any CPU.Build.0 = Debug|Any CPU
		{DDE68EE7-2A5C-43B1-A33C-D2CDB6A5138B}.Release|Any CPU.ActiveCfg = Release|Any CPU
		{DDE68EE7-2A5C-43B1-A33C-D2CDB6A5138B}.Release|Any CPU.Build.0 = Release|Any CPU
	EndGlobalSection
	GlobalSection(SolutionProperties) = preSolution
		HideSolutionNode = FALSE
	EndGlobalSection
	GlobalSection(ExtensibilityGlobals) = postSolution
		SolutionGuid = {D3A86FF9-AE14-46F4-875A-95F24DE470CC}
	EndGlobalSection
EndGlobal
